github.com/go-sql-driver/mysql v1.7.1 h1:lUIinVbN1DY0xBg0eMOzmmtGoHwWBbvnWubQUrtU8EI=
github.com/go-sql-driver/mysql v1.7.1/go.mod h1:OXbVy3sEdcQ2Doequ6Z5BW6fXNQTmx+9S1MCJN5yJMI=
github.com/go-sql-driver/mysql v1.7.2-0.20230613063930-943264b76442 h1:kfRcnY5EQGmJqHA1D9UI8aXF3f01TtwRiy8GsPO/Am8=
github.com/go-sql-driver/mysql v1.7.2-0.20230613063930-943264b76442/go.mod h1:6gYm/zDt3ahdnMVTPeT/LfoBFsws1qZm5yI6FmVjB14=
github.com/stealthrocket/net v0.1.2 h1:fxglKhsGrBKMQHiEZuiP2jKyg2WaledYi/G7ijaoAOQ=
github.com/stealthrocket/net v0.1.2/go.mod h1:9a0HqAOSQobNQt/QNqbIFMZzxOOwOrXU+XxXyeiu98o=
golang.org/x/net v0.10.0 h1:X2//UzNDwYmtCLn7To6G58Wr6f5ahEAQgKNzv9Y951M=
